{
  "version": "5",
  "specifiers": {
    "npm:daisyui@^5.5.14": "5.5.14"
  },
  "npm": {
    "daisyui@5.5.14": {
      "integrity": "sha512-L47rvw7I7hK68TA97VB8Ee0woHew+/ohR6Lx6Ah/krfISOqcG4My7poNpX5Mo5/ytMxiR40fEaz6njzDi7cuSg=="
    }
  },
  "workspace": {
    "dependencies": [
      "npm:daisyui@^5.5.14"
    ]
  }
}
