{
  "version": "5",
  "specifiers": {
    "npm:@fontsource-variable/outfit@^5.2.8": "5.2.8",
    "npm:fuse.js@^7.1.0": "7.1.0"
  },
  "npm": {
    "@fontsource-variable/outfit@5.2.8": {
      "integrity": "sha512-4oUDCZx/Tcz6HZP423w/niqEH31Gks5IsqHV2ZZz1qKHaVIZdj2f0/S1IK2n8jl6Xo0o3N+3RjNHlV9R73ozQA=="
    },
    "fuse.js@7.1.0": {
      "integrity": "sha512-trLf4SzuuUxfusZADLINj+dE8clK1frKdmqiJNb1Es75fmI5oY6X2mxLVUciLLjxqw/xr72Dhy+lER6dGd02FQ=="
    }
  },
  "workspace": {
    "dependencies": [
      "npm:@fontsource-variable/outfit@^5.2.8",
      "npm:fuse.js@^7.1.0"
    ]
  }
}
